
Microsoft Visual Studio Solution File, Format Version 12.00
# Visual Studio Version 16
VisualStudioVersion = 16.0.30104.148
MinimumVisualStudioVersion = 10.0.40219.1
Project("{FAE04EC0-301F-11D3-BF4B-00C04F79EFBC}") = "DesktopWoocomerce", "DesktopWoocomerce.csproj", "{9F88318E-3322-43FC-BA32-598F3A9DC88D}"
EndProject
Global
	GlobalSection(SolutionConfigurationPlatforms) = preSolution
		Debug|Any CPU = Debug|Any CPU
		Release|Any CPU = Release|Any CPU
	EndGlobalSection
	GlobalSection(ProjectConfigurationPlatforms) = postSolution
		{9F88318E-3322-43FC-BA32-598F3A9DC88D}.Debug|Any CPU.ActiveCfg = Debug|Any CPU
		{9F88318E-3322-43FC-BA32-598F3A9DC88D}.Debug|Any CPU.Build.0 = Debug|Any CPU
		{9F88318E-3322-43FC-BA32-598F3A9DC88D}.Release|Any CPU.ActiveCfg = Release|Any CPU
		{9F88318E-3322-43FC-BA32-598F3A9DC88D}.Release|Any CPU.Build.0 = Release|Any CPU
	EndGlobalSection
	GlobalSection(SolutionProperties) = preSolution
		HideSolutionNode = FALSE
	EndGlobalSection
	GlobalSection(ExtensibilityGlobals) = postSolution
		SolutionGuid = {34190F3E-B42E-4657-A895-286E22CA46A2}
	EndGlobalSection
EndGlobal
